lockfileVersion: '9.0'

settings:
  autoInstallPeers: true
  excludeLinksFromLockfile: false

importers:

  .:
    dependencies:
      otplib:
        specifier: ^12.0.1
        version: 12.0.1

packages:

  '@otplib/core@12.0.1':
    resolution: {integrity: sha512-4sGntwbA/AC+SbPhbsziRiD+jNDdIzsZ3JUyfZwjtKyc/wufl1pnSIaG4Uqx8ymPagujub0o92kgBnB89cuAMA==}

  '@otplib/plugin-crypto@12.0.1':
    resolution: {integrity: sha512-qPuhN3QrT7ZZLcLCyKOSNhuijUi9G5guMRVrxq63r9YNOxxQjPm59gVxLM+7xGnHnM6cimY57tuKsjK7y9LM1g==}

  '@otplib/plugin-thirty-two@12.0.1':
    resolution: {integrity: sha512-MtT+uqRso909UkbrrYpJ6XFjj9D+x2Py7KjTO9JDPhL0bJUYVu5kFP4TFZW4NFAywrAtFRxOVY261u0qwb93gA==}

  '@otplib/preset-default@12.0.1':
    resolution: {integrity: sha512-xf1v9oOJRyXfluBhMdpOkr+bsE+Irt+0D5uHtvg6x1eosfmHCsCC6ej/m7FXiWqdo0+ZUI6xSKDhJwc8yfiOPQ==}

  '@otplib/preset-v11@12.0.1':
    resolution: {integrity: sha512-9hSetMI7ECqbFiKICrNa4w70deTUfArtwXykPUvSHWOdzOlfa9ajglu7mNCntlvxycTiOAXkQGwjQCzzDEMRMg==}

  otplib@12.0.1:
    resolution: {integrity: sha512-xDGvUOQjop7RDgxTQ+o4pOol0/3xSZzawTiPKRrHnQWAy0WjhNs/5HdIDJCrqC4MBynmjXgULc6YfioaxZeFgg==}

  thirty-two@1.0.2:
    resolution: {integrity: sha512-OEI0IWCe+Dw46019YLl6V10Us5bi574EvlJEOcAkB29IzQ/mYD1A6RyNHLjZPiHCmuodxvgF6U+vZO1L15lxVA==}
    engines: {node: '>=0.2.6'}

snapshots:

  '@otplib/core@12.0.1': {}

  '@otplib/plugin-crypto@12.0.1':
    dependencies:
      '@otplib/core': 12.0.1

  '@otplib/plugin-thirty-two@12.0.1':
    dependencies:
      '@otplib/core': 12.0.1
      thirty-two: 1.0.2

  '@otplib/preset-default@12.0.1':
    dependencies:
      '@otplib/core': 12.0.1
      '@otplib/plugin-crypto': 12.0.1
      '@otplib/plugin-thirty-two': 12.0.1

  '@otplib/preset-v11@12.0.1':
    dependencies:
      '@otplib/core': 12.0.1
      '@otplib/plugin-crypto': 12.0.1
      '@otplib/plugin-thirty-two': 12.0.1

  otplib@12.0.1:
    dependencies:
      '@otplib/core': 12.0.1
      '@otplib/preset-default': 12.0.1
      '@otplib/preset-v11': 12.0.1

  thirty-two@1.0.2: {}
